github.com/BurntSushi/toml v0.3.1/go.mod h1:xHWCNGjB5oqiDr8zfno3MHue2Ht5sIBksp03qcyfWMU=
github.com/MichaelTJones/walk v0.0.0-20161122175330-4748e29d5718 h1:FSsoaa1q4jAaeiAUxf9H0PgFP7eA/UL6c3PdJH+nMN4=
github.com/MichaelTJones/walk v0.0.0-20161122175330-4748e29d5718/go.mod h1:VVwKsx9Dc8rNG55BWqogoJzGubjKnRoXdUvpGbWqeCc=
github.com/VividCortex/godaemon v0.0.0-20150910212227-3d9f6e0b234f/go.mod h1:Y8CJ3IwPIAkMhv/rRUWIlczaeqd9ty9yrl+nc2AbaL4=
github.com/cpuguy83/go-md2man/v2 v2.0.0-20190314233015-f79a8a8ca69d h1:U+s90UTSYgptZMwQh2aRr3LuazLJIa+Pg3Kc1ylSYVY=
github.com/cpuguy83/go-md2man/v2 v2.0.0-20190314233015-f79a8a8ca69d/go.mod h1:maD7wRr/U5Z6m/iR4s+kqSMx2CaBsrgA7czyZG/E6dU=
github.com/mgutz/str v1.2.0 h1:4IzWSdIz9qPQWLfKZ0rJcV0jcUDpxvP4JVZ4GXQyvSw=
github.com/mgutz/str v1.2.0/go.mod h1:w1v0ofgLaJdoD0HpQ3fycxKD1WtxpjSo151pK/31q6w=
github.com/pmezard/go-difflib v1.0.0/go.mod h1:iKH77koFhYxTK1pcRnkKkqfTogsbg7gZNVY4sRDYZ/4=
github.com/russross/blackfriday/v2 v2.0.1 h1:lPqVAte+HuHNfhJ/0LC98ESWRz8afy9tM/0RK8m9o+Q=
github.com/russross/blackfriday/v2 v2.0.1/go.mod h1:+Rmxgy9KzJVeS9/2gXHxylqXiyQDYRxCVz55jmeOWTM=
github.com/shurcooL/sanitized_anchor_name v1.0.0 h1:PdmoCO6wvbs+7yrJyMORt4/BmY5IYyJwS/kOiWx8mHo=
github.com/shurcooL/sanitized_anchor_name v1.0.0/go.mod h1:1NzhyTcUVG4SuEtjjoZeVRXNmyL/1OwPU0+IJeTBvfc=
github.com/urfave/cli v1.22.2 h1:gsqYFH8bb9ekPA12kRo0hfjngWQjkJPlN9R0N78BoUo=
github.com/urfave/cli v1.22.2/go.mod h1:Gos4lmkARVdJ6EkW0WaNv/tZAAMe9V7XWyB60NtXRu0=
gopkg.in/check.v1 v0.0.0-20161208181325-20d25e280405/go.mod h1:Co6ibVJAznAaIkqp8huTwlJQCZ016jof/cbN4VW5Yz0=
gopkg.in/godo.v2 v2.0.9 h1:jnbznTzXVk0JDKOxN3/LJLDPYJzIl0734y+Z0cEJb4A=
gopkg.in/godo.v2 v2.0.9/go.mod h1:wgvPPKLsWN0hPIJ4JyxvFGGbIW3fJMSrXhdvSuZ1z/8=
gopkg.in/yaml.v2 v2.2.2/go.mod h1:hI93XBmqTisBFMUTm0b8Fm+jr3Dg1NNxqwp+5A1VGuI=
